
Microsoft Visual Studio Solution File, Format Version 12.00
# Visual Studio Version 17
VisualStudioVersion = 17.2.32519.379
MinimumVisualStudioVersion = 10.0.40219.1
Project("{FAE04EC0-301F-11D3-BF4B-00C04F79EFBC}") = "EndianBitConverter", "EndianBitConverter.csproj", "{746D561C-C3AF-4E46-84CC-E16F9D37DC3B}"
EndProject
Global
	GlobalSection(SolutionConfigurationPlatforms) = preSolution
		Debug|Any CPU = Debug|Any CPU
		Release|Any CPU = Release|Any CPU
	EndGlobalSection
	GlobalSection(ProjectConfigurationPlatforms) = postSolution
		{746D561C-C3AF-4E46-84CC-E16F9D37DC3B}.Debug|Any CPU.ActiveCfg = Debug|Any CPU
		{746D561C-C3AF-4E46-84CC-E16F9D37DC3B}.Debug|Any CPU.Build.0 = Debug|Any CPU
		{746D561C-C3AF-4E46-84CC-E16F9D37DC3B}.Release|Any CPU.ActiveCfg = Release|Any CPU
		{746D561C-C3AF-4E46-84CC-E16F9D37DC3B}.Release|Any CPU.Build.0 = Release|Any CPU
	EndGlobalSection
	GlobalSection(SolutionProperties) = preSolution
		HideSolutionNode = FALSE
	EndGlobalSection
	GlobalSection(ExtensibilityGlobals) = postSolution
		SolutionGuid = {DD437F7A-1E10-4CA0-A564-0FD90E21E194}
	EndGlobalSection
EndGlobal
